// !$*UTF8*$!
{
	archiveVersion = 1;
	classes = {
	};
	objectVersion = 51;
	objects = {

/* Begin PBXBuildFile section */
		5797A0FC429884C62DD59696 /* Pods_Kelo_KeloUITests.framework in Frameworks */ = {isa = PBXBuildFile; fileRef = 9F9FB8751B971834D7E5EBE6 /* Pods_Kelo_KeloUITests.framework */; };
		5FD5B0EE6BB3C956C482700A /* Pods_KeloTests.framework in Frameworks */ = {isa = PBXBuildFile; fileRef = C7EE8FA6E3D9652A8E1158CC /* Pods_KeloTests.framework */; };
		9B55B865D6DB7C53C52FFF69 /* Pods_Kelo.framework in Frameworks */ = {isa = PBXBuildFile; fileRef = 8ECA807ED0632E01EF10ACE3 /* Pods_Kelo.framework */; };
		C42F5E2F2609F3DB00818229 /* AppDelegate.swift in Sources */ = {isa = PBXBuildFile; fileRef = C42F5E2E2609F3DB00818229 /* AppDelegate.swift */; };
		C42F5E312609F3DB00818229 /* SceneDelegate.swift in Sources */ = {isa = PBXBuildFile; fileRef = C42F5E302609F3DB00818229 /* SceneDelegate.swift */; };
		C42F5E332609F3DB00818229 /* ViewController.swift in Sources */ = {isa = PBXBuildFile; fileRef = C42F5E322609F3DB00818229 /* ViewController.swift */; };
		C42F5E362609F3DB00818229 /* Main.storyboard in Resources */ = {isa = PBXBuildFile; fileRef = C42F5E342609F3DB00818229 /* Main.storyboard */; };
		C42F5E382609F3DC00818229 /* Assets.xcassets in Resources */ = {isa = PBXBuildFile; fileRef = C42F5E372609F3DC00818229 /* Assets.xcassets */; };
		C42F5E3B2609F3DC00818229 /* LaunchScreen.storyboard in Resources */ = {isa = PBXBuildFile; fileRef = C42F5E392609F3DC00818229 /* LaunchScreen.storyboard */; };
		C42F5E462609F3DC00818229 /* KeloTests.swift in Sources */ = {isa = PBXBuildFile; fileRef = C42F5E452609F3DC00818229 /* KeloTests.swift */; };
		C42F5E512609F3DC00818229 /* KeloUITests.swift in Sources */ = {isa = PBXBuildFile; fileRef = C42F5E502609F3DC00818229 /* KeloUITests.swift */; };
		C42F5E682609FAD000818229 /* GoogleService-Info.plist in Resources */ = {isa = PBXBuildFile; fileRef = C42F5E672609FAD000818229 /* GoogleService-Info.plist */; };
/* End PBXBuildFile section */

/* Begin PBXContainerItemProxy section */
		C42F5E422609F3DC00818229 /* PBXContainerItemProxy */ = {
			isa = PBXContainerItemProxy;
			containerPortal = C42F5E232609F3DB00818229 /* Project object */;
			proxyType = 1;
			remoteGlobalIDString = C42F5E2A2609F3DB00818229;
			remoteInfo = Kelo;
		};
		C42F5E4D2609F3DC00818229 /* PBXContainerItemProxy */ = {
			isa = PBXContainerItemProxy;
			containerPortal = C42F5E232609F3DB00818229 /* Project object */;
			proxyType = 1;
			remoteGlobalIDString = C42F5E2A2609F3DB00818229;
			remoteInfo = Kelo;
		};
/* End PBXContainerItemProxy section */

/* Begin PBXFileReference section */
		03376774E3891C7D70EB34FD /* Pods-Kelo-KeloUITests.release.xcconfig */ = {isa = PBXFileReference; includeInIndex = 1; lastKnownFileType = text.xcconfig; name = "Pods-Kelo-KeloUITests.release.xcconfig"; path = "Target Support Files/Pods-Kelo-KeloUITests/Pods-Kelo-KeloUITests.release.xcconfig"; sourceTree = "<group>"; };
		2B8EF254A3A1454F0BE30F0F /* Pods-KeloTests.debug.xcconfig */ = {isa = PBXFileReference; includeInIndex = 1; lastKnownFileType = text.xcconfig; name = "Pods-KeloTests.debug.xcconfig"; path = "Target Support Files/Pods-KeloTests/Pods-KeloTests.debug.xcconfig"; sourceTree = "<group>"; };
		3715DE9423CCD182C47907A6 /* Pods-Kelo-KeloUITests.debug.xcconfig */ = {isa = PBXFileReference; includeInIndex = 1; lastKnownFileType = text.xcconfig; name = "Pods-Kelo-KeloUITests.debug.xcconfig"; path = "Target Support Files/Pods-Kelo-KeloUITests/Pods-Kelo-KeloUITests.debug.xcconfig"; sourceTree = "<group>"; };
		42EBBE2084C237472AE9FE0A /* Pods-Kelo.debug.xcconfig */ = {isa = PBXFileReference; includeInIndex = 1; lastKnownFileType = text.xcconfig; name = "Pods-Kelo.debug.xcconfig"; path = "Target Support Files/Pods-Kelo/Pods-Kelo.debug.xcconfig"; sourceTree = "<group>"; };
		738A0E05096A7D413AC502F3 /* Pods-Kelo.release.xcconfig */ = {isa = PBXFileReference; includeInIndex = 1; lastKnownFileType = text.xcconfig; name = "Pods-Kelo.release.xcconfig"; path = "Target Support Files/Pods-Kelo/Pods-Kelo.release.xcconfig"; sourceTree = "<group>"; };
		8ECA807ED0632E01EF10ACE3 /* Pods_Kelo.framework */ = {isa = PBXFileReference; explicitFileType = wrapper.framework; includeInIndex = 0; path = Pods_Kelo.framework; sourceTree = BUILT_PRODUCTS_DIR; };
		94E40F12AD655BAE53395D06 /* Pods-KeloTests.release.xcconfig */ = {isa = PBXFileReference; includeInIndex = 1; lastKnownFileType = text.xcconfig; name = "Pods-KeloTests.release.xcconfig"; path = "Target Support Files/Pods-KeloTests/Pods-KeloTests.release.xcconfig"; sourceTree = "<group>"; };
		9F9FB8751B971834D7E5EBE6 /* Pods_Kelo_KeloUITests.framework */ = {isa = PBXFileReference; explicitFileType = wrapper.framework; includeInIndex = 0; path = Pods_Kelo_KeloUITests.framework; sourceTree = BUILT_PRODUCTS_DIR; };
		C42F5E2B2609F3DB00818229 /* Kelo.app */ = {isa = PBXFileReference; explicitFileType = wrapper.application; includeInIndex = 0; path = Kelo.app; sourceTree = BUILT_PRODUCTS_DIR; };
		C42F5E2E2609F3DB00818229 /* AppDelegate.swift */ = {isa = PBXFileReference; lastKnownFileType = sourcecode.swift; path = AppDelegate.swift; sourceTree = "<group>"; };
		C42F5E302609F3DB00818229 /* SceneDelegate.swift */ = {isa = PBXFileReference; lastKnownFileType = sourcecode.swift; path = SceneDelegate.swift; sourceTree = "<group>"; };
		C42F5E322609F3DB00818229 /* ViewController.swift */ = {isa = PBXFileReference; lastKnownFileType = sourcecode.swift; path = ViewController.swift; sourceTree = "<group>"; };
		C42F5E352609F3DB00818229 /* Base */ = {isa = PBXFileReference; lastKnownFileType = file.storyboard; name = Base; path = Base.lproj/Main.storyboard; sourceTree = "<group>"; };
		C42F5E372609F3DC00818229 /* Assets.xcassets */ = {isa = PBXFileReference; lastKnownFileType = folder.assetcatalog; path = Assets.xcassets; sourceTree = "<group>"; };
		C42F5E3A2609F3DC00818229 /* Base */ = {isa = PBXFileReference; lastKnownFileType = file.storyboard; name = Base; path = Base.lproj/LaunchScreen.storyboard; sourceTree = "<group>"; };
		C42F5E3C2609F3DC00818229 /* Info.plist */ = {isa = PBXFileReference; lastKnownFileType = text.plist.xml; path = Info.plist; sourceTree = "<group>"; };
		C42F5E412609F3DC00818229 /* KeloTests.xctest */ = {isa = PBXFileReference; explicitFileType = wrapper.cfbundle; includeInIndex = 0; path = KeloTests.xctest; sourceTree = BUILT_PRODUCTS_DIR; };
		C42F5E452609F3DC00818229 /* KeloTests.swift */ = {isa = PBXFileReference; lastKnownFileType = sourcecode.swift; path = KeloTests.swift; sourceTree = "<group>"; };
		C42F5E472609F3DC00818229 /* Info.plist */ = {isa = PBXFileReference; lastKnownFileType = text.plist.xml; path = Info.plist; sourceTree = "<group>"; };
		C42F5E4C2609F3DC00818229 /* KeloUITests.xctest */ = {isa = PBXFileReference; explicitFileType = wrapper.cfbundle; includeInIndex = 0; path = KeloUITests.xctest; sourceTree = BUILT_PRODUCTS_DIR; };
		C42F5E502609F3DC00818229 /* KeloUITests.swift */ = {isa = PBXFileReference; lastKnownFileType = sourcecode.swift; path = KeloUITests.swift; sourceTree = "<group>"; };
		C42F5E522609F3DC00818229 /* Info.plist */ = {isa = PBXFileReference; lastKnownFileType = text.plist.xml; path = Info.plist; sourceTree = "<group>"; };
		C42F5E672609FAD000818229 /* GoogleService-Info.plist */ = {isa = PBXFileReference; fileEncoding = 4; lastKnownFileType = text.plist.xml; path = "GoogleService-Info.plist"; sourceTree = "<group>"; };
		C7EE8FA6E3D9652A8E1158CC /* Pods_KeloTests.framework */ = {isa = PBXFileReference; explicitFileType = wrapper.framework; includeInIndex = 0; path = Pods_KeloTests.framework; sourceTree = BUILT_PRODUCTS_DIR; };
/* End PBXFileReference section */

/* Begin PBXFrameworksBuildPhase section */
		C42F5E282609F3DB00818229 /* Frameworks */ = {
			isa = PBXFrameworksBuildPhase;
			buildActionMask = 2147483647;
			files = (
				9B55B865D6DB7C53C52FFF69 /* Pods_Kelo.framework in Frameworks */,
			);
			runOnlyForDeploymentPostprocessing = 0;
		};
		C42F5E3E2609F3DC00818229 /* Frameworks */ = {
			isa = PBXFrameworksBuildPhase;
			buildActionMask = 2147483647;
			files = (
				5FD5B0EE6BB3C956C482700A /* Pods_KeloTests.framework in Frameworks */,
			);
			runOnlyForDeploymentPostprocessing = 0;
		};
		C42F5E492609F3DC00818229 /* Frameworks */ = {
			isa = PBXFrameworksBuildPhase;
			buildActionMask = 2147483647;
			files = (
				5797A0FC429884C62DD59696 /* Pods_Kelo_KeloUITests.framework in Frameworks */,
			);
			runOnlyForDeploymentPostprocessing = 0;
		};
/* End PBXFrameworksBuildPhase section */

/* Begin PBXGroup section */
		5637650E53A75C9CC8B62E20 /* Frameworks */ = {
			isa = PBXGroup;
			children = (
				8ECA807ED0632E01EF10ACE3 /* Pods_Kelo.framework */,
				9F9FB8751B971834D7E5EBE6 /* Pods_Kelo_KeloUITests.framework */,
				C7EE8FA6E3D9652A8E1158CC /* Pods_KeloTests.framework */,
			);
			name = Frameworks;
			sourceTree = "<group>";
		};
		8BE5ABE2E2849A8BB7B8BE3E /* Pods */ = {
			isa = PBXGroup;
			children = (
				42EBBE2084C237472AE9FE0A /* Pods-Kelo.debug.xcconfig */,
				738A0E05096A7D413AC502F3 /* Pods-Kelo.release.xcconfig */,
				3715DE9423CCD182C47907A6 /* Pods-Kelo-KeloUITests.debug.xcconfig */,
				03376774E3891C7D70EB34FD /* Pods-Kelo-KeloUITests.release.xcconfig */,
				2B8EF254A3A1454F0BE30F0F /* Pods-KeloTests.debug.xcconfig */,
				94E40F12AD655BAE53395D06 /* Pods-KeloTests.release.xcconfig */,
			);
			path = Pods;
			sourceTree = "<group>";
		};
		C42F5E222609F3DB00818229 = {
			isa = PBXGroup;
			children = (
				C42F5E2D2609F3DB00818229 /* Kelo */,
				C42F5E442609F3DC00818229 /* KeloTests */,
				C42F5E4F2609F3DC00818229 /* KeloUITests */,
				C42F5E2C2609F3DB00818229 /* Products */,
				8BE5ABE2E2849A8BB7B8BE3E /* Pods */,
				5637650E53A75C9CC8B62E20 /* Frameworks */,
			);
			sourceTree = "<group>";
		};
		C42F5E2C2609F3DB00818229 /* Products */ = {
			isa = PBXGroup;
			children = (
				C42F5E2B2609F3DB00818229 /* Kelo.app */,
				C42F5E412609F3DC00818229 /* KeloTests.xctest */,
				C42F5E4C2609F3DC00818229 /* KeloUITests.xctest */,
			);
			name = Products;
			sourceTree = "<group>";
		};
		C42F5E2D2609F3DB00818229 /* Kelo */ = {
			isa = PBXGroup;
			children = (
				C42F5E2E2609F3DB00818229 /* AppDelegate.swift */,
				C42F5E302609F3DB00818229 /* SceneDelegate.swift */,
				C42F5E322609F3DB00818229 /* ViewController.swift */,
				C42F5E342609F3DB00818229 /* Main.storyboard */,
				C42F5E372609F3DC00818229 /* Assets.xcassets */,
				C42F5E392609F3DC00818229 /* LaunchScreen.storyboard */,
				C42F5E3C2609F3DC00818229 /* Info.plist */,
				C42F5E672609FAD000818229 /* GoogleService-Info.plist */,
			);
			path = Kelo;
			sourceTree = "<group>";
		};
		C42F5E442609F3DC00818229 /* KeloTests */ = {
			isa = PBXGroup;
			children = (
				C42F5E452609F3DC00818229 /* KeloTests.swift */,
				C42F5E472609F3DC00818229 /* Info.plist */,
			);
			path = KeloTests;
			sourceTree = "<group>";
		};
		C42F5E4F2609F3DC00818229 /* KeloUITests */ = {
			isa = PBXGroup;
			children = (
				C42F5E502609F3DC00818229 /* KeloUITests.swift */,
				C42F5E522609F3DC00818229 /* Info.plist */,
			);
			path = KeloUITests;
			sourceTree = "<group>";
		};
/* End PBXGroup section */

/* Begin PBXNativeTarget section */
		C42F5E2A2609F3DB00818229 /* Kelo */ = {
			isa = PBXNativeTarget;
			buildConfigurationList = C42F5E552609F3DC00818229 /* Build configuration list for PBXNativeTarget "Kelo" */;
			buildPhases = (
				DFB7727619C4F64BD036F29C /* [CP] Check Pods Manifest.lock */,
				C42F5E272609F3DB00818229 /* Sources */,
				C42F5E282609F3DB00818229 /* Frameworks */,
				C42F5E292609F3DB00818229 /* Resources */,
				23FEBBF53644F20B4DA4C782 /* [CP] Embed Pods Frameworks */,
			);
			buildRules = (
			);
			dependencies = (
			);
			name = Kelo;
			productName = Kelo;
			productReference = C42F5E2B2609F3DB00818229 /* Kelo.app */;
			productType = "com.apple.product-type.application";
		};
		C42F5E402609F3DC00818229 /* KeloTests */ = {
			isa = PBXNativeTarget;
			buildConfigurationList = C42F5E582609F3DC00818229 /* Build configuration list for PBXNativeTarget "KeloTests" */;
			buildPhases = (
				9E4F50E6FC325F1552502B5E /* [CP] Check Pods Manifest.lock */,
				C42F5E3D2609F3DC00818229 /* Sources */,
				C42F5E3E2609F3DC00818229 /* Frameworks */,
				C42F5E3F2609F3DC00818229 /* Resources */,
			);
			buildRules = (
			);
			dependencies = (
				C42F5E432609F3DC00818229 /* PBXTargetDependency */,
			);
			name = KeloTests;
			productName = KeloTests;
			productReference = C42F5E412609F3DC00818229 /* KeloTests.xctest */;
			productType = "com.apple.product-type.bundle.unit-test";
		};
		C42F5E4B2609F3DC00818229 /* KeloUITests */ = {
			isa = PBXNativeTarget;
			buildConfigurationList = C42F5E5B2609F3DC00818229 /* Build configuration list for PBXNativeTarget "KeloUITests" */;
			buildPhases = (
				789DC6F125EB01377E37D4F8 /* [CP] Check Pods Manifest.lock */,
				C42F5E482609F3DC00818229 /* Sources */,
				C42F5E492609F3DC00818229 /* Frameworks */,
				C42F5E4A2609F3DC00818229 /* Resources */,
				BA2E29EE1B741F865B62D78A /* [CP] Embed Pods Frameworks */,
			);
			buildRules = (
			);
			dependencies = (
				C42F5E4E2609F3DC00818229 /* PBXTargetDependency */,
			);
			name = KeloUITests;
			productName = KeloUITests;
			productReference = C42F5E4C2609F3DC00818229 /* KeloUITests.xctest */;
			productType = "com.apple.product-type.bundle.ui-testing";
		};
/* End PBXNativeTarget section */

/* Begin PBXProject section */
		C42F5E232609F3DB00818229 /* Project object */ = {
			isa = PBXProject;
			attributes = {
				LastSwiftUpdateCheck = 1240;
				LastUpgradeCheck = 1240;
				TargetAttributes = {
					C42F5E2A2609F3DB00818229 = {
						CreatedOnToolsVersion = 12.4;
					};
					C42F5E402609F3DC00818229 = {
						CreatedOnToolsVersion = 12.4;
						TestTargetID = C42F5E2A2609F3DB00818229;
					};
					C42F5E4B2609F3DC00818229 = {
						CreatedOnToolsVersion = 12.4;
						TestTargetID = C42F5E2A2609F3DB00818229;
					};
				};
			};
			buildConfigurationList = C42F5E262609F3DB00818229 /* Build configuration list for PBXProject "Kelo" */;
			compatibilityVersion = "Xcode 9.3";
			developmentRegion = en;
			hasScannedForEncodings = 0;
			knownRegions = (
				en,
				Base,
			);
			mainGroup = C42F5E222609F3DB00818229;
			productRefGroup = C42F5E2C2609F3DB00818229 /* Products */;
			projectDirPath = "";
			projectRoot = "";
			targets = (
				C42F5E2A2609F3DB00818229 /* Kelo */,
				C42F5E402609F3DC00818229 /* KeloTests */,
				C42F5E4B2609F3DC00818229 /* KeloUITests */,
			);
		};
/* End PBXProject section */

/* Begin PBXResourcesBuildPhase section */
		C42F5E292609F3DB00818229 /* Resources */ = {
			isa = PBXResourcesBuildPhase;
			buildActionMask = 2147483647;
			files = (
				C42F5E3B2609F3DC00818229 /* LaunchScreen.storyboard in Resources */,
				C42F5E682609FAD000818229 /* GoogleService-Info.plist in Resources */,
				C42F5E382609F3DC00818229 /* Assets.xcassets in Resources */,
				C42F5E362609F3DB00818229 /* Main.storyboard in Resources */,
			);
			runOnlyForDeploymentPostprocessing = 0;
		};
		C42F5E3F2609F3DC00818229 /* Resources */ = {
			isa = PBXResourcesBuildPhase;
			buildActionMask = 2147483647;
			files = (
			);
			runOnlyForDeploymentPostprocessing = 0;
		};
		C42F5E4A2609F3DC00818229 /* Resources */ = {
			isa = PBXResourcesBuildPhase;
			buildActionMask = 2147483647;
			files = (
			);
			runOnlyForDeploymentPostprocessing = 0;
		};
/* End PBXResourcesBuildPhase section */

/* Begin PBXShellScriptBuildPhase section */
		23FEBBF53644F20B4DA4C782 /* [CP] Embed Pods Frameworks */ = {
			isa = PBXShellScriptBuildPhase;
			buildActionMask = 2147483647;
			files = (
			);
			inputFileListPaths = (
				"${PODS_ROOT}/Target Support Files/Pods-Kelo/Pods-Kelo-frameworks-${CONFIGURATION}-input-files.xcfilelist",
			);
			name = "[CP] Embed Pods Frameworks";
			outputFileListPaths = (
				"${PODS_ROOT}/Target Support Files/Pods-Kelo/Pods-Kelo-frameworks-${CONFIGURATION}-output-files.xcfilelist",
			);
			runOnlyForDeploymentPostprocessing = 0;
			shellPath = /bin/sh;
			shellScript = "\"${PODS_ROOT}/Target Support Files/Pods-Kelo/Pods-Kelo-frameworks.sh\"\n";
			showEnvVarsInLog = 0;
		};
		789DC6F125EB01377E37D4F8 /* [CP] Check Pods Manifest.lock */ = {
			isa = PBXShellScriptBuildPhase;
			buildActionMask = 2147483647;
			files = (
			);
			inputFileListPaths = (
			);
			inputPaths = (
				"${PODS_PODFILE_DIR_PATH}/Podfile.lock",
				"${PODS_ROOT}/Manifest.lock",
			);
			name = "[CP] Check Pods Manifest.lock";
			outputFileListPaths = (
			);
			outputPaths = (
				"$(DERIVED_FILE_DIR)/Pods-Kelo-KeloUITests-checkManifestLockResult.txt",
			);
			runOnlyForDeploymentPostprocessing = 0;
			shellPath = /bin/sh;
			shellScript = "diff \"${PODS_PODFILE_DIR_PATH}/Podfile.lock\" \"${PODS_ROOT}/Manifest.lock\" > /dev/null\nif [ $? != 0 ] ; then\n    # print error to STDERR\n    echo \"error: The sandbox is not in sync with the Podfile.lock. Run 'pod install' or update your CocoaPods installation.\" >&2\n    exit 1\nfi\n# This output is used by Xcode 'outputs' to avoid re-running this script phase.\necho \"SUCCESS\" > \"${SCRIPT_OUTPUT_FILE_0}\"\n";
			showEnvVarsInLog = 0;
		};
		9E4F50E6FC325F1552502B5E /* [CP] Check Pods Manifest.lock */ = {
			isa = PBXShellScriptBuildPhase;
			buildActionMask = 2147483647;
			files = (
			);
			inputFileListPaths = (
			);
			inputPaths = (
				"${PODS_PODFILE_DIR_PATH}/Podfile.lock",
				"${PODS_ROOT}/Manifest.lock",
			);
			name = "[CP] Check Pods Manifest.lock";
			outputFileListPaths = (
			);
			outputPaths = (
				"$(DERIVED_FILE_DIR)/Pods-KeloTests-checkManifestLockResult.txt",
			);
			runOnlyForDeploymentPostprocessing = 0;
			shellPath = /bin/sh;
			shellScript = "diff \"${PODS_PODFILE_DIR_PATH}/Podfile.lock\" \"${PODS_ROOT}/Manifest.lock\" > /dev/null\nif [ $? != 0 ] ; then\n    # print error to STDERR\n    echo \"error: The sandbox is not in sync with the Podfile.lock. Run 'pod install' or update your CocoaPods installation.\" >&2\n    exit 1\nfi\n# This output is used by Xcode 'outputs' to avoid re-running this script phase.\necho \"SUCCESS\" > \"${SCRIPT_OUTPUT_FILE_0}\"\n";
			showEnvVarsInLog = 0;
		};
		BA2E29EE1B741F865B62D78A /* [CP] Embed Pods Frameworks */ = {
			isa = PBXShellScriptBuildPhase;
			buildActionMask = 2147483647;
			files = (
			);
			inputFileListPaths = (
				"${PODS_ROOT}/Target Support Files/Pods-Kelo-KeloUITests/Pods-Kelo-KeloUITests-frameworks-${CONFIGURATION}-input-files.xcfilelist",
			);
			name = "[CP] Embed Pods Frameworks";
			outputFileListPaths = (
				"${PODS_ROOT}/Target Support Files/Pods-Kelo-KeloUITests/Pods-Kelo-KeloUITests-frameworks-${CONFIGURATION}-output-files.xcfilelist",
			);
			runOnlyForDeploymentPostprocessing = 0;
			shellPath = /bin/sh;
			shellScript = "\"${PODS_ROOT}/Target Support Files/Pods-Kelo-KeloUITests/Pods-Kelo-KeloUITests-frameworks.sh\"\n";
			showEnvVarsInLog = 0;
		};
		DFB7727619C4F64BD036F29C /* [CP] Check Pods Manifest.lock */ = {
			isa = PBXShellScriptBuildPhase;
			buildActionMask = 2147483647;
			files = (
			);
			inputFileListPaths = (
			);
			inputPaths = (
				"${PODS_PODFILE_DIR_PATH}/Podfile.lock",
				"${PODS_ROOT}/Manifest.lock",
			);
			name = "[CP] Check Pods Manifest.lock";
			outputFileListPaths = (
			);
			outputPaths = (
				"$(DERIVED_FILE_DIR)/Pods-Kelo-checkManifestLockResult.txt",
			);
			runOnlyForDeploymentPostprocessing = 0;
			shellPath = /bin/sh;
			shellScript = "diff \"${PODS_PODFILE_DIR_PATH}/Podfile.lock\" \"${PODS_ROOT}/Manifest.lock\" > /dev/null\nif [ $? != 0 ] ; then\n    # print error to STDERR\n    echo \"error: The sandbox is not in sync with the Podfile.lock. Run 'pod install' or update your CocoaPods installation.\" >&2\n    exit 1\nfi\n# This output is used by Xcode 'outputs' to avoid re-running this script phase.\necho \"SUCCESS\" > \"${SCRIPT_OUTPUT_FILE_0}\"\n";
			showEnvVarsInLog = 0;
		};
/* End PBXShellScriptBuildPhase section */

/* Begin PBXSourcesBuildPhase section */
		C42F5E272609F3DB00818229 /* Sources */ = {
			isa = PBXSourcesBuildPhase;
			buildActionMask = 2147483647;
			files = (
				C42F5E332609F3DB00818229 /* ViewController.swift in Sources */,
				C42F5E2F2609F3DB00818229 /* AppDelegate.swift in Sources */,
				C42F5E312609F3DB00818229 /* SceneDelegate.swift in Sources */,
			);
			runOnlyForDeploymentPostprocessing = 0;
		};
		C42F5E3D2609F3DC00818229 /* Sources */ = {
			isa = PBXSourcesBuildPhase;
			buildActionMask = 2147483647;
			files = (
				C42F5E462609F3DC00818229 /* KeloTests.swift in Sources */,
			);
			runOnlyForDeploymentPostprocessing = 0;
		};
		C42F5E482609F3DC00818229 /* Sources */ = {
			isa = PBXSourcesBuildPhase;
			buildActionMask = 2147483647;
			files = (
				C42F5E512609F3DC00818229 /* KeloUITests.swift in Sources */,
			);
			runOnlyForDeploymentPostprocessing = 0;
		};
/* End PBXSourcesBuildPhase section */

/* Begin PBXTargetDependency section */
		C42F5E432609F3DC00818229 /* PBXTargetDependency */ = {
			isa = PBXTargetDependency;
			target = C42F5E2A2609F3DB00818229 /* Kelo */;
			targetProxy = C42F5E422609F3DC00818229 /* PBXContainerItemProxy */;
		};
		C42F5E4E2609F3DC00818229 /* PBXTargetDependency */ = {
			isa = PBXTargetDependency;
			target = C42F5E2A2609F3DB00818229 /* Kelo */;
			targetProxy = C42F5E4D2609F3DC00818229 /* PBXContainerItemProxy */;
		};
/* End PBXTargetDependency section */

/* Begin PBXVariantGroup section */
		C42F5E342609F3DB00818229 /* Main.storyboard */ = {
			isa = PBXVariantGroup;
			children = (
				C42F5E352609F3DB00818229 /* Base */,
			);
			name = Main.storyboard;
			sourceTree = "<group>";
		};
		C42F5E392609F3DC00818229 /* LaunchScreen.storyboard */ = {
			isa = PBXVariantGroup;
			children = (
				C42F5E3A2609F3DC00818229 /* Base */,
			);
			name = LaunchScreen.storyboard;
			sourceTree = "<group>";
		};
/* End PBXVariantGroup section */

/* Begin XCBuildConfiguration section */
		C42F5E532609F3DC00818229 /* Debug */ = {
			isa = XCBuildConfiguration;
			buildSettings = {
				ALWAYS_SEARCH_USER_PATHS = NO;
				CLANG_ANALYZER_NONNULL = YES;
				CLANG_ANALYZER_NUMBER_OBJECT_CONVERSION = YES_AGGRESSIVE;
				CLANG_CXX_LANGUAGE_STANDARD = "gnu++14";
				CLANG_CXX_LIBRARY = "libc++";
				CLANG_ENABLE_MODULES = YES;
				CLANG_ENABLE_OBJC_ARC = YES;
				CLANG_ENABLE_OBJC_WEAK = YES;
				CLANG_WARN_BLOCK_CAPTURE_AUTORELEASING = YES;
				CLANG_WARN_BOOL_CONVERSION = YES;
				CLANG_WARN_COMMA = YES;
				CLANG_WARN_CONSTANT_CONVERSION = YES;
				CLANG_WARN_DEPRECATED_OBJC_IMPLEMENTATIONS = YES;
				CLANG_WARN_DIRECT_OBJC_ISA_USAGE = YES_ERROR;
				CLANG_WARN_DOCUMENTATION_COMMENTS = YES;
				CLANG_WARN_EMPTY_BODY = YES;
				CLANG_WARN_ENUM_CONVERSION = YES;
				CLANG_WARN_INFINITE_RECURSION = YES;
				CLANG_WARN_INT_CONVERSION = YES;
				CLANG_WARN_NON_LITERAL_NULL_CONVERSION = YES;
				CLANG_WARN_OBJC_IMPLICIT_RETAIN_SELF = YES;
				CLANG_WARN_OBJC_LITERAL_CONVERSION = YES;
				CLANG_WARN_OBJC_ROOT_CLASS = YES_ERROR;
				CLANG_WARN_QUOTED_INCLUDE_IN_FRAMEWORK_HEADER = YES;
				CLANG_WARN_RANGE_LOOP_ANALYSIS = YES;
				CLANG_WARN_STRICT_PROTOTYPES = YES;
				CLANG_WARN_SUSPICIOUS_MOVE = YES;
				CLANG_WARN_UNGUARDED_AVAILABILITY = YES_AGGRESSIVE;
				CLANG_WARN_UNREACHABLE_CODE = YES;
				CLANG_WARN__DUPLICATE_METHOD_MATCH = YES;
				COPY_PHASE_STRIP = NO;
				DEBUG_INFORMATION_FORMAT = dwarf;
				ENABLE_STRICT_OBJC_MSGSEND = YES;
				ENABLE_TESTABILITY = YES;
				GCC_C_LANGUAGE_STANDARD = gnu11;
				GCC_DYNAMIC_NO_PIC = NO;
				GCC_NO_COMMON_BLOCKS = YES;
				GCC_OPTIMIZATION_LEVEL = 0;
				GCC_PREPROCESSOR_DEFINITIONS = (
					"DEBUG=1",
					"$(inherited)",
				);
				GCC_WARN_64_TO_32_BIT_CONVERSION = YES;
				GCC_WARN_ABOUT_RETURN_TYPE = YES_ERROR;
				GCC_WARN_UNDECLARED_SELECTOR = YES;
				GCC_WARN_UNINITIALIZED_AUTOS = YES_AGGRESSIVE;
				GCC_WARN_UNUSED_FUNCTION = YES;
				GCC_WARN_UNUSED_VARIABLE = YES;
				IPHONEOS_DEPLOYMENT_TARGET = 14.4;
				MTL_ENABLE_DEBUG_INFO = INCLUDE_SOURCE;
				MTL_FAST_MATH = YES;
				ONLY_ACTIVE_ARCH = YES;
				SDKROOT = iphoneos;
				SWIFT_ACTIVE_COMPILATION_CONDITIONS = DEBUG;
				SWIFT_OPTIMIZATION_LEVEL = "-Onone";
			};
			name = Debug;
		};
		C42F5E542609F3DC00818229 /* Release */ = {
			isa = XCBuildConfiguration;
			buildSettings = {
				ALWAYS_SEARCH_USER_PATHS = NO;
				CLANG_ANALYZER_NONNULL = YES;
				CLANG_ANALYZER_NUMBER_OBJECT_CONVERSION = YES_AGGRESSIVE;
				CLANG_CXX_LANGUAGE_STANDARD = "gnu++14";
				CLANG_CXX_LIBRARY = "libc++";
				CLANG_ENABLE_MODULES = YES;
				CLANG_ENABLE_OBJC_ARC = YES;
				CLANG_ENABLE_OBJC_WEAK = YES;
				CLANG_WARN_BLOCK_CAPTURE_AUTORELEASING = YES;
				CLANG_WARN_BOOL_CONVERSION = YES;
				CLANG_WARN_COMMA = YES;
				CLANG_WARN_CONSTANT_CONVERSION = YES;
				CLANG_WARN_DEPRECATED_OBJC_IMPLEMENTATIONS = YES;
				CLANG_WARN_DIRECT_OBJC_ISA_USAGE = YES_ERROR;
				CLANG_WARN_DOCUMENTATION_COMMENTS = YES;
				CLANG_WARN_EMPTY_BODY = YES;
				CLANG_WARN_ENUM_CONVERSION = YES;
				CLANG_WARN_INFINITE_RECURSION = YES;
				CLANG_WARN_INT_CONVERSION = YES;
				CLANG_WARN_NON_LITERAL_NULL_CONVERSION = YES;
				CLANG_WARN_OBJC_IMPLICIT_RETAIN_SELF = YES;
				CLANG_WARN_OBJC_LITERAL_CONVERSION = YES;
				CLANG_WARN_OBJC_ROOT_CLASS = YES_ERROR;
				CLANG_WARN_QUOTED_INCLUDE_IN_FRAMEWORK_HEADER = YES;
				CLANG_WARN_RANGE_LOOP_ANALYSIS = YES;
				CLANG_WARN_STRICT_PROTOTYPES = YES;
				CLANG_WARN_SUSPICIOUS_MOVE = YES;
				CLANG_WARN_UNGUARDED_AVAILABILITY = YES_AGGRESSIVE;
				CLANG_WARN_UNREACHABLE_CODE = YES;
				CLANG_WARN__DUPLICATE_METHOD_MATCH = YES;
				COPY_PHASE_STRIP = NO;
				DEBUG_INFORMATION_FORMAT = "dwarf-with-dsym";
				ENABLE_NS_ASSERTIONS = NO;
				ENABLE_STRICT_OBJC_MSGSEND = YES;
				GCC_C_LANGUAGE_STANDARD = gnu11;
				GCC_NO_COMMON_BLOCKS = YES;
				GCC_WARN_64_TO_32_BIT_CONVERSION = YES;
				GCC_WARN_ABOUT_RETURN_TYPE = YES_ERROR;
				GCC_WARN_UNDECLARED_SELECTOR = YES;
				GCC_WARN_UNINITIALIZED_AUTOS = YES_AGGRESSIVE;
				GCC_WARN_UNUSED_FUNCTION = YES;
				GCC_WARN_UNUSED_VARIABLE = YES;
				IPHONEOS_DEPLOYMENT_TARGET = 14.4;
				MTL_ENABLE_DEBUG_INFO = NO;
				MTL_FAST_MATH = YES;
				SDKROOT = iphoneos;
				SWIFT_COMPILATION_MODE = wholemodule;
				SWIFT_OPTIMIZATION_LEVEL = "-O";
				VALIDATE_PRODUCT = YES;
			};
			name = Release;
		};
		C42F5E562609F3DC00818229 /* Debug */ = {
			isa = XCBuildConfiguration;
			baseConfigurationReference = 42EBBE2084C237472AE9FE0A /* Pods-Kelo.debug.xcconfig */;
			buildSettings = {
				ASSETCATALOG_COMPILER_APPICON_NAME = AppIcon;
				ASSETCATALOG_COMPILER_GLOBAL_ACCENT_COLOR_NAME = AccentColor;
				CODE_SIGN_STYLE = Automatic;
				DEVELOPMENT_TEAM = Q26F7S66DB;
				INFOPLIST_FILE = Kelo/Info.plist;
				LD_RUNPATH_SEARCH_PATHS = (
					"$(inherited)",
					"@executable_path/Frameworks",
				);
				PRODUCT_BUNDLE_IDENTIFIER = com.raulolmedo.Kelo;
				PRODUCT_NAME = "$(TARGET_NAME)";
				SWIFT_VERSION = 5.0;
				TARGETED_DEVICE_FAMILY = "1,2";
			};
			name = Debug;
		};
		C42F5E572609F3DC00818229 /* Release */ = {
			isa = XCBuildConfiguration;
			baseConfigurationReference = 738A0E05096A7D413AC502F3 /* Pods-Kelo.release.xcconfig */;
			buildSettings = {
				ASSETCATALOG_COMPILER_APPICON_NAME = AppIcon;
				ASSETCATALOG_COMPILER_GLOBAL_ACCENT_COLOR_NAME = AccentColor;
				CODE_SIGN_STYLE = Automatic;
				DEVELOPMENT_TEAM = Q26F7S66DB;
				INFOPLIST_FILE = Kelo/Info.plist;
				LD_RUNPATH_SEARCH_PATHS = (
					"$(inherited)",
					"@executable_path/Frameworks",
				);
				PRODUCT_BUNDLE_IDENTIFIER = com.raulolmedo.Kelo;
				PRODUCT_NAME = "$(TARGET_NAME)";
				SWIFT_VERSION = 5.0;
				TARGETED_DEVICE_FAMILY = "1,2";
			};
			name = Release;
		};
		C42F5E592609F3DC00818229 /* Debug */ = {
			isa = XCBuildConfiguration;
			baseConfigurationReference = 2B8EF254A3A1454F0BE30F0F /* Pods-KeloTests.debug.xcconfig */;
			buildSettings = {
				ALWAYS_EMBED_SWIFT_STANDARD_LIBRARIES = YES;
				BUNDLE_LOADER = "$(TEST_HOST)";
				CODE_SIGN_STYLE = Automatic;
				DEVELOPMENT_TEAM = Q26F7S66DB;
				INFOPLIST_FILE = KeloTests/Info.plist;
				IPHONEOS_DEPLOYMENT_TARGET = 14.4;
				LD_RUNPATH_SEARCH_PATHS = (
					"$(inherited)",
					"@executable_path/Frameworks",
					"@loader_path/Frameworks",
				);
				PRODUCT_BUNDLE_IDENTIFIER = com.raulolmedo.KeloTests;
				PRODUCT_NAME = "$(TARGET_NAME)";
				SWIFT_VERSION = 5.0;
				TARGETED_DEVICE_FAMILY = "1,2";
				TEST_HOST = "$(BUILT_PRODUCTS_DIR)/Kelo.app/Kelo";
			};
			name = Debug;
		};
		C42F5E5A2609F3DC00818229 /* Release */ = {
			isa = XCBuildConfiguration;
			baseConfigurationReference = 94E40F12AD655BAE53395D06 /* Pods-KeloTests.release.xcconfig */;
			buildSettings = {
				ALWAYS_EMBED_SWIFT_STANDARD_LIBRARIES = YES;
				BUNDLE_LOADER = "$(TEST_HOST)";
				CODE_SIGN_STYLE = Automatic;
				DEVELOPMENT_TEAM = Q26F7S66DB;
				INFOPLIST_FILE = KeloTests/Info.plist;
				IPHONEOS_DEPLOYMENT_TARGET = 14.4;
				LD_RUNPATH_SEARCH_PATHS = (
					"$(inherited)",
					"@executable_path/Frameworks",
					"@loader_path/Frameworks",
				);
				PRODUCT_BUNDLE_IDENTIFIER = com.raulolmedo.KeloTests;
				PRODUCT_NAME = "$(TARGET_NAME)";
				SWIFT_VERSION = 5.0;
				TARGETED_DEVICE_FAMILY = "1,2";
				TEST_HOST = "$(BUILT_PRODUCTS_DIR)/Kelo.app/Kelo";
			};
			name = Release;
		};
		C42F5E5C2609F3DC00818229 /* Debug */ = {
			isa = XCBuildConfiguration;
			baseConfigurationReference = 3715DE9423CCD182C47907A6 /* Pods-Kelo-KeloUITests.debug.xcconfig */;
			buildSettings = {
				ALWAYS_EMBED_SWIFT_STANDARD_LIBRARIES = YES;
				CODE_SIGN_STYLE = Automatic;
				DEVELOPMENT_TEAM = Q26F7S66DB;
				INFOPLIST_FILE = KeloUITests/Info.plist;
				LD_RUNPATH_SEARCH_PATHS = (
					"$(inherited)",
					"@executable_path/Frameworks",
					"@loader_path/Frameworks",
				);
				PRODUCT_BUNDLE_IDENTIFIER = com.raulolmedo.KeloUITests;
				PRODUCT_NAME = "$(TARGET_NAME)";
				SWIFT_VERSION = 5.0;
				TARGETED_DEVICE_FAMILY = "1,2";
				TEST_TARGET_NAME = Kelo;
			};
			name = Debug;
		};
		C42F5E5D2609F3DC00818229 /* Release */ = {
			isa = XCBuildConfiguration;
			baseConfigurationReference = 03376774E3891C7D70EB34FD /* Pods-Kelo-KeloUITests.release.xcconfig */;
			buildSettings = {
				ALWAYS_EMBED_SWIFT_STANDARD_LIBRARIES = YES;
				CODE_SIGN_STYLE = Automatic;
				DEVELOPMENT_TEAM = Q26F7S66DB;
				INFOPLIST_FILE = KeloUITests/Info.plist;
				LD_RUNPATH_SEARCH_PATHS = (
					"$(inherited)",
					"@executable_path/Frameworks",
					"@loader_path/Frameworks",
				);
				PRODUCT_BUNDLE_IDENTIFIER = com.raulolmedo.KeloUITests;
				PRODUCT_NAME = "$(TARGET_NAME)";
				SWIFT_VERSION = 5.0;
				TARGETED_DEVICE_FAMILY = "1,2";
				TEST_TARGET_NAME = Kelo;
			};
			name = Release;
		};
/* End XCBuildConfiguration section */

/* Begin XCConfigurationList section */
		C42F5E262609F3DB00818229 /* Build configuration list for PBXProject "Kelo" */ = {
			isa = XCConfigurationList;
			buildConfigurations = (
				C42F5E532609F3DC00818229 /* Debug */,
				C42F5E542609F3DC00818229 /* Release */,
			);
			defaultConfigurationIsVisible = 0;
			defaultConfigurationName = Release;
		};
		C42F5E552609F3DC00818229 /* Build configuration list for PBXNativeTarget "Kelo" */ = {
			isa = XCConfigurationList;
			buildConfigurations = (
				C42F5E562609F3DC00818229 /* Debug */,
				C42F5E572609F3DC00818229 /* Release */,
			);
			defaultConfigurationIsVisible = 0;
			defaultConfigurationName = Release;
		};
		C42F5E582609F3DC00818229 /* Build configuration list for PBXNativeTarget "KeloTests" */ = {
			isa = XCConfigurationList;
			buildConfigurations = (
				C42F5E592609F3DC00818229 /* Debug */,
				C42F5E5A2609F3DC00818229 /* Release */,
			);
			defaultConfigurationIsVisible = 0;
			defaultConfigurationName = Release;
		};
		C42F5E5B2609F3DC00818229 /* Build configuration list for PBXNativeTarget "KeloUITests" */ = {
			isa = XCConfigurationList;
			buildConfigurations = (
				C42F5E5C2609F3DC00818229 /* Debug */,
				C42F5E5D2609F3DC00818229 /* Release */,
			);
			defaultConfigurationIsVisible = 0;
			defaultConfigurationName = Release;
		};
/* End XCConfigurationList section */
	};
	rootObject = C42F5E232609F3DB00818229 /* Project object */;
}
